
Microsoft Visual Studio Solution File, Format Version 12.00
# Visual Studio Version 17
VisualStudioVersion = 17.10.35122.118
MinimumVisualStudioVersion = 10.0.40219.1
Project("{FAE04EC0-301F-11D3-BF4B-00C04F79EFBC}") = "Kurama", "Kurama.csproj", "{899B664C-5124-4683-BB57-A5EAAF8DF10B}"
EndProject
Global
	GlobalSection(SolutionConfigurationPlatforms) = preSolution
		Debug|Any CPU = Debug|Any CPU
		Release|Any CPU = Release|Any CPU
	EndGlobalSection
	GlobalSection(ProjectConfigurationPlatforms) = postSolution
		{899B664C-5124-4683-BB57-A5EAAF8DF10B}.Debug|Any CPU.ActiveCfg = Debug|Any CPU
		{899B664C-5124-4683-BB57-A5EAAF8DF10B}.Debug|Any CPU.Build.0 = Debug|Any CPU
		{899B664C-5124-4683-BB57-A5EAAF8DF10B}.Debug|Any CPU.Deploy.0 = Debug|Any CPU
		{899B664C-5124-4683-BB57-A5EAAF8DF10B}.Release|Any CPU.ActiveCfg = Release|Any CPU
		{899B664C-5124-4683-BB57-A5EAAF8DF10B}.Release|Any CPU.Build.0 = Release|Any CPU
		{899B664C-5124-4683-BB57-A5EAAF8DF10B}.Release|Any CPU.Deploy.0 = Release|Any CPU
	EndGlobalSection
	GlobalSection(SolutionProperties) = preSolution
		HideSolutionNode = FALSE
	EndGlobalSection
	GlobalSection(ExtensibilityGlobals) = postSolution
		SolutionGuid = {AD0CFDE2-CC05-4093-B888-BF7EA79B80A3}
	EndGlobalSection
EndGlobal
